// !$*UTF8*$!
{
	archiveVersion = 1;
	classes = {
	};
	objectVersion = 46;
	objects = {

/* Begin PBXBuildFile section */
		5427B3881C2974D0007D8BF9 /* ZJHomeDropDownMainCell.m in Sources */ = {isa = PBXBuildFile; fileRef = 5427B3871C2974D0007D8BF9 /* ZJHomeDropDownMainCell.m */; };
		5427B38B1C2974E6007D8BF9 /* ZJHomeDropDownSubCell.m in Sources */ = {isa = PBXBuildFile; fileRef = 5427B38A1C2974E6007D8BF9 /* ZJHomeDropDownSubCell.m */; };
		548CA4131C27D9C0000E1BE6 /* main.m in Sources */ = {isa = PBXBuildFile; fileRef = 548CA4121C27D9C0000E1BE6 /* main.m */; };
		548CA41E1C27D9C0000E1BE6 /* Images.xcassets in Resources */ = {isa = PBXBuildFile; fileRef = 548CA41D1C27D9C0000E1BE6 /* Images.xcassets */; };
		548CA42D1C27D9C0000E1BE6 /* GroupBuyHDDemoTests.m in Sources */ = {isa = PBXBuildFile; fileRef = 548CA42C1C27D9C0000E1BE6 /* GroupBuyHDDemoTests.m */; };
		548CA4431C27DE76000E1BE6 /* ZJHomeViewController.m in Sources */ = {isa = PBXBuildFile; fileRef = 548CA4421C27DE76000E1BE6 /* ZJHomeViewController.m */; };
		548CA4481C27E015000E1BE6 /* ZJNavgationViewController.m in Sources */ = {isa = PBXBuildFile; fileRef = 548CA4471C27E015000E1BE6 /* ZJNavgationViewController.m */; };
		548CA4541C27EFF3000E1BE6 /* ZJHomeTopItem.xib in Resources */ = {isa = PBXBuildFile; fileRef = 548CA4531C27EFF3000E1BE6 /* ZJHomeTopItem.xib */; };
		548CA4571C27F195000E1BE6 /* ZJHomeTopItem.m in Sources */ = {isa = PBXBuildFile; fileRef = 548CA4561C27F195000E1BE6 /* ZJHomeTopItem.m */; };
		548CA45D1C27F366000E1BE6 /* UIBarButtonItem+ZJExtension.m in Sources */ = {isa = PBXBuildFile; fileRef = 548CA45A1C27F366000E1BE6 /* UIBarButtonItem+ZJExtension.m */; };
		548CA45E1C27F366000E1BE6 /* UIView+ZJExtension.m in Sources */ = {isa = PBXBuildFile; fileRef = 548CA45C1C27F366000E1BE6 /* UIView+ZJExtension.m */; };
		548CA4641C27F442000E1BE6 /* AppDelegate.m in Sources */ = {isa = PBXBuildFile; fileRef = 548CA4611C27F442000E1BE6 /* AppDelegate.m */; };
		548CA4651C27F442000E1BE6 /* ZJConst.m in Sources */ = {isa = PBXBuildFile; fileRef = 548CA4631C27F442000E1BE6 /* ZJConst.m */; };
		548CA4671C27F86B000E1BE6 /* ZJHomeDropDown.xib in Resources */ = {isa = PBXBuildFile; fileRef = 548CA4661C27F86B000E1BE6 /* ZJHomeDropDown.xib */; };
		548CA46A1C27F99A000E1BE6 /* ZJHomeDropDown.m in Sources */ = {isa = PBXBuildFile; fileRef = 548CA4691C27F99A000E1BE6 /* ZJHomeDropDown.m */; };
		548CA4791C27FF59000E1BE6 /* categories.plist in Resources */ = {isa = PBXBuildFile; fileRef = 548CA4751C27FF59000E1BE6 /* categories.plist */; };
		548CA47A1C27FF59000E1BE6 /* cities.plist in Resources */ = {isa = PBXBuildFile; fileRef = 548CA4761C27FF59000E1BE6 /* cities.plist */; };
		548CA47B1C27FF59000E1BE6 /* cityGroups.plist in Resources */ = {isa = PBXBuildFile; fileRef = 548CA4771C27FF59000E1BE6 /* cityGroups.plist */; };
		548CA47C1C27FF59000E1BE6 /* sorts.plist in Resources */ = {isa = PBXBuildFile; fileRef = 548CA4781C27FF59000E1BE6 /* sorts.plist */; };
		548CA47F1C280039000E1BE6 /* ZJCategoryViewController.m in Sources */ = {isa = PBXBuildFile; fileRef = 548CA47E1C280039000E1BE6 /* ZJCategoryViewController.m */; };
		548CA4821C28032B000E1BE6 /* ZJCategoryModel.m in Sources */ = {isa = PBXBuildFile; fileRef = 548CA4811C28032B000E1BE6 /* ZJCategoryModel.m */; };
		548CA49C1C2804BB000E1BE6 /* MJDictionaryCache.m in Sources */ = {isa = PBXBuildFile; fileRef = 548CA4861C2804BB000E1BE6 /* MJDictionaryCache.m */; };
		548CA49D1C2804BB000E1BE6 /* MJExtensionConst.m in Sources */ = {isa = PBXBuildFile; fileRef = 548CA4891C2804BB000E1BE6 /* MJExtensionConst.m */; };
		548CA49E1C2804BB000E1BE6 /* MJFoundation.m in Sources */ = {isa = PBXBuildFile; fileRef = 548CA48B1C2804BB000E1BE6 /* MJFoundation.m */; };
		548CA49F1C2804BB000E1BE6 /* MJProperty.m in Sources */ = {isa = PBXBuildFile; fileRef = 548CA48D1C2804BB000E1BE6 /* MJProperty.m */; };
		548CA4A01C2804BB000E1BE6 /* MJPropertyKey.m in Sources */ = {isa = PBXBuildFile; fileRef = 548CA48F1C2804BB000E1BE6 /* MJPropertyKey.m */; };
		548CA4A11C2804BB000E1BE6 /* MJPropertyType.m in Sources */ = {isa = PBXBuildFile; fileRef = 548CA4911C2804BB000E1BE6 /* MJPropertyType.m */; };
		548CA4A21C2804BB000E1BE6 /* NSObject+MJClass.m in Sources */ = {isa = PBXBuildFile; fileRef = 548CA4931C2804BB000E1BE6 /* NSObject+MJClass.m */; };
		548CA4A31C2804BB000E1BE6 /* NSObject+MJCoding.m in Sources */ = {isa = PBXBuildFile; fileRef = 548CA4951C2804BB000E1BE6 /* NSObject+MJCoding.m */; };
		548CA4A41C2804BB000E1BE6 /* NSObject+MJKeyValue.m in Sources */ = {isa = PBXBuildFile; fileRef = 548CA4971C2804BB000E1BE6 /* NSObject+MJKeyValue.m */; };
		548CA4A51C2804BB000E1BE6 /* NSObject+MJProperty.m in Sources */ = {isa = PBXBuildFile; fileRef = 548CA4991C2804BB000E1BE6 /* NSObject+MJProperty.m */; };
		548CA4A61C2804BB000E1BE6 /* NSString+MJExtension.m in Sources */ = {isa = PBXBuildFile; fileRef = 548CA49B1C2804BB000E1BE6 /* NSString+MJExtension.m */; };
/* End PBXBuildFile section */

/* Begin PBXContainerItemProxy section */
		548CA4271C27D9C0000E1BE6 /* PBXContainerItemProxy */ = {
			isa = PBXContainerItemProxy;
			containerPortal = 548CA4051C27D9C0000E1BE6 /* Project object */;
			proxyType = 1;
			remoteGlobalIDString = 548CA40C1C27D9C0000E1BE6;
			remoteInfo = GroupBuyHDDemo;
		};
/* End PBXContainerItemProxy section */

/* Begin PBXFileReference section */
		5427B3861C2974D0007D8BF9 /* ZJHomeDropDownMainCell.h */ = {isa = PBXFileReference; fileEncoding = 4; lastKnownFileType = sourcecode.c.h; path = ZJHomeDropDownMainCell.h; sourceTree = "<group>"; };
		5427B3871C2974D0007D8BF9 /* ZJHomeDropDownMainCell.m */ = {isa = PBXFileReference; fileEncoding = 4; lastKnownFileType = sourcecode.c.objc; path = ZJHomeDropDownMainCell.m; sourceTree = "<group>"; };
		5427B3891C2974E6007D8BF9 /* ZJHomeDropDownSubCell.h */ = {isa = PBXFileReference; fileEncoding = 4; lastKnownFileType = sourcecode.c.h; path = ZJHomeDropDownSubCell.h; sourceTree = "<group>"; };
		5427B38A1C2974E6007D8BF9 /* ZJHomeDropDownSubCell.m */ = {isa = PBXFileReference; fileEncoding = 4; lastKnownFileType = sourcecode.c.objc; path = ZJHomeDropDownSubCell.m; sourceTree = "<group>"; };
		548CA40D1C27D9C0000E1BE6 /* GroupBuyHDDemo.app */ = {isa = PBXFileReference; explicitFileType = wrapper.application; includeInIndex = 0; path = GroupBuyHDDemo.app; sourceTree = BUILT_PRODUCTS_DIR; };
		548CA4111C27D9C0000E1BE6 /* Info.plist */ = {isa = PBXFileReference; lastKnownFileType = text.plist.xml; path = Info.plist; sourceTree = "<group>"; };
		548CA4121C27D9C0000E1BE6 /* main.m */ = {isa = PBXFileReference; lastKnownFileType = sourcecode.c.objc; path = main.m; sourceTree = "<group>"; };
		548CA41D1C27D9C0000E1BE6 /* Images.xcassets */ = {isa = PBXFileReference; lastKnownFileType = folder.assetcatalog; path = Images.xcassets; sourceTree = "<group>"; };
		548CA4261C27D9C0000E1BE6 /* GroupBuyHDDemoTests.xctest */ = {isa = PBXFileReference; explicitFileType = wrapper.cfbundle; includeInIndex = 0; path = GroupBuyHDDemoTests.xctest; sourceTree = BUILT_PRODUCTS_DIR; };
		548CA42B1C27D9C0000E1BE6 /* Info.plist */ = {isa = PBXFileReference; lastKnownFileType = text.plist.xml; path = Info.plist; sourceTree = "<group>"; };
		548CA42C1C27D9C0000E1BE6 /* GroupBuyHDDemoTests.m */ = {isa = PBXFileReference; lastKnownFileType = sourcecode.c.objc; path = GroupBuyHDDemoTests.m; sourceTree = "<group>"; };
		548CA4411C27DE76000E1BE6 /* ZJHomeViewController.h */ = {isa = PBXFileReference; fileEncoding = 4; lastKnownFileType = sourcecode.c.h; path = ZJHomeViewController.h; sourceTree = "<group>"; };
		548CA4421C27DE76000E1BE6 /* ZJHomeViewController.m */ = {isa = PBXFileReference; fileEncoding = 4; lastKnownFileType = sourcecode.c.objc; path = ZJHomeViewController.m; sourceTree = "<group>"; };
		548CA4461C27E015000E1BE6 /* ZJNavgationViewController.h */ = {isa = PBXFileReference; fileEncoding = 4; lastKnownFileType = sourcecode.c.h; path = ZJNavgationViewController.h; sourceTree = "<group>"; };
		548CA4471C27E015000E1BE6 /* ZJNavgationViewController.m */ = {isa = PBXFileReference; fileEncoding = 4; lastKnownFileType = sourcecode.c.objc; path = ZJNavgationViewController.m; sourceTree = "<group>"; };
		548CA4531C27EFF3000E1BE6 /* ZJHomeTopItem.xib */ = {isa = PBXFileReference; fileEncoding = 4; lastKnownFileType = file.xib; path = ZJHomeTopItem.xib; sourceTree = "<group>"; };
		548CA4551C27F195000E1BE6 /* ZJHomeTopItem.h */ = {isa = PBXFileReference; fileEncoding = 4; lastKnownFileType = sourcecode.c.h; path = ZJHomeTopItem.h; sourceTree = "<group>"; };
		548CA4561C27F195000E1BE6 /* ZJHomeTopItem.m */ = {isa = PBXFileReference; fileEncoding = 4; lastKnownFileType = sourcecode.c.objc; path = ZJHomeTopItem.m; sourceTree = "<group>"; };
		548CA4591C27F366000E1BE6 /* UIBarButtonItem+ZJExtension.h */ = {isa = PBXFileReference; fileEncoding = 4; lastKnownFileType = sourcecode.c.h; path = "UIBarButtonItem+ZJExtension.h"; sourceTree = "<group>"; };
		548CA45A1C27F366000E1BE6 /* UIBarButtonItem+ZJExtension.m */ = {isa = PBXFileReference; fileEncoding = 4; lastKnownFileType = sourcecode.c.objc; path = "UIBarButtonItem+ZJExtension.m"; sourceTree = "<group>"; };
		548CA45B1C27F366000E1BE6 /* UIView+ZJExtension.h */ = {isa = PBXFileReference; fileEncoding = 4; lastKnownFileType = sourcecode.c.h; path = "UIView+ZJExtension.h"; sourceTree = "<group>"; };
		548CA45C1C27F366000E1BE6 /* UIView+ZJExtension.m */ = {isa = PBXFileReference; fileEncoding = 4; lastKnownFileType = sourcecode.c.objc; path = "UIView+ZJExtension.m"; sourceTree = "<group>"; };
		548CA4601C27F442000E1BE6 /* AppDelegate.h */ = {isa = PBXFileReference; fileEncoding = 4; lastKnownFileType = sourcecode.c.h; path = AppDelegate.h; sourceTree = "<group>"; };
		548CA4611C27F442000E1BE6 /* AppDelegate.m */ = {isa = PBXFileReference; fileEncoding = 4; lastKnownFileType = sourcecode.c.objc; path = AppDelegate.m; sourceTree = "<group>"; };
		548CA4621C27F442000E1BE6 /* ZJConst.h */ = {isa = PBXFileReference; fileEncoding = 4; lastKnownFileType = sourcecode.c.h; path = ZJConst.h; sourceTree = "<group>"; };
		548CA4631C27F442000E1BE6 /* ZJConst.m */ = {isa = PBXFileReference; fileEncoding = 4; lastKnownFileType = sourcecode.c.objc; path = ZJConst.m; sourceTree = "<group>"; };
		548CA4661C27F86B000E1BE6 /* ZJHomeDropDown.xib */ = {isa = PBXFileReference; fileEncoding = 4; lastKnownFileType = file.xib; path = ZJHomeDropDown.xib; sourceTree = "<group>"; };
		548CA4681C27F99A000E1BE6 /* ZJHomeDropDown.h */ = {isa = PBXFileReference; fileEncoding = 4; lastKnownFileType = sourcecode.c.h; path = ZJHomeDropDown.h; sourceTree = "<group>"; };
		548CA4691C27F99A000E1BE6 /* ZJHomeDropDown.m */ = {isa = PBXFileReference; fileEncoding = 4; lastKnownFileType = sourcecode.c.objc; path = ZJHomeDropDown.m; sourceTree = "<group>"; };
		548CA4751C27FF59000E1BE6 /* categories.plist */ = {isa = PBXFileReference; fileEncoding = 4; lastKnownFileType = text.plist.xml; path = categories.plist; sourceTree = "<group>"; };
		548CA4761C27FF59000E1BE6 /* cities.plist */ = {isa = PBXFileReference; fileEncoding = 4; lastKnownFileType = text.plist.xml; path = cities.plist; sourceTree = "<group>"; };
		548CA4771C27FF59000E1BE6 /* cityGroups.plist */ = {isa = PBXFileReference; fileEncoding = 4; lastKnownFileType = text.plist.xml; path = cityGroups.plist; sourceTree = "<group>"; };
		548CA4781C27FF59000E1BE6 /* sorts.plist */ = {isa = PBXFileReference; fileEncoding = 4; lastKnownFileType = text.plist.xml; path = sorts.plist; sourceTree = "<group>"; };
		548CA47D1C280039000E1BE6 /* ZJCategoryViewController.h */ = {isa = PBXFileReference; fileEncoding = 4; lastKnownFileType = sourcecode.c.h; path = ZJCategoryViewController.h; sourceTree = "<group>"; };
		548CA47E1C280039000E1BE6 /* ZJCategoryViewController.m */ = {isa = PBXFileReference; fileEncoding = 4; lastKnownFileType = sourcecode.c.objc; path = ZJCategoryViewController.m; sourceTree = "<group>"; };
		548CA4801C28032B000E1BE6 /* ZJCategoryModel.h */ = {isa = PBXFileReference; fileEncoding = 4; lastKnownFileType = sourcecode.c.h; path = ZJCategoryModel.h; sourceTree = "<group>"; };
		548CA4811C28032B000E1BE6 /* ZJCategoryModel.m */ = {isa = PBXFileReference; fileEncoding = 4; lastKnownFileType = sourcecode.c.objc; path = ZJCategoryModel.m; sourceTree = "<group>"; };
		548CA4851C2804BB000E1BE6 /* MJDictionaryCache.h */ = {isa = PBXFileReference; fileEncoding = 4; lastKnownFileType = sourcecode.c.h; path = MJDictionaryCache.h; sourceTree = "<group>"; };
		548CA4861C2804BB000E1BE6 /* MJDictionaryCache.m */ = {isa = PBXFileReference; fileEncoding = 4; lastKnownFileType = sourcecode.c.objc; path = MJDictionaryCache.m; sourceTree = "<group>"; };
		548CA4871C2804BB000E1BE6 /* MJExtension.h */ = {isa = PBXFileReference; fileEncoding = 4; lastKnownFileType = sourcecode.c.h; path = MJExtension.h; sourceTree = "<group>"; };
		548CA4881C2804BB000E1BE6 /* MJExtensionConst.h */ = {isa = PBXFileReference; fileEncoding = 4; lastKnownFileType = sourcecode.c.h; path = MJExtensionConst.h; sourceTree = "<group>"; };
		548CA4891C2804BB000E1BE6 /* MJExtensionConst.m */ = {isa = PBXFileReference; fileEncoding = 4; lastKnownFileType = sourcecode.c.objc; path = MJExtensionConst.m; sourceTree = "<group>"; };
		548CA48A1C2804BB000E1BE6 /* MJFoundation.h */ = {isa = PBXFileReference; fileEncoding = 4; lastKnownFileType = sourcecode.c.h; path = MJFoundation.h; sourceTree = "<group>"; };
		548CA48B1C2804BB000E1BE6 /* MJFoundation.m */ = {isa = PBXFileReference; fileEncoding = 4; lastKnownFileType = sourcecode.c.objc; path = MJFoundation.m; sourceTree = "<group>"; };
		548CA48C1C2804BB000E1BE6 /* MJProperty.h */ = {isa = PBXFileReference; fileEncoding = 4; lastKnownFileType = sourcecode.c.h; path = MJProperty.h; sourceTree = "<group>"; };
		548CA48D1C2804BB000E1BE6 /* MJProperty.m */ = {isa = PBXFileReference; fileEncoding = 4; lastKnownFileType = sourcecode.c.objc; path = MJProperty.m; sourceTree = "<group>"; };
		548CA48E1C2804BB000E1BE6 /* MJPropertyKey.h */ = {isa = PBXFileReference; fileEncoding = 4; lastKnownFileType = sourcecode.c.h; path = MJPropertyKey.h; sourceTree = "<group>"; };
		548CA48F1C2804BB000E1BE6 /* MJPropertyKey.m */ = {isa = PBXFileReference; fileEncoding = 4; lastKnownFileType = sourcecode.c.objc; path = MJPropertyKey.m; sourceTree = "<group>"; };
		548CA4901C2804BB000E1BE6 /* MJPropertyType.h */ = {isa = PBXFileReference; fileEncoding = 4; lastKnownFileType = sourcecode.c.h; path = MJPropertyType.h; sourceTree = "<group>"; };
		548CA4911C2804BB000E1BE6 /* MJPropertyType.m */ = {isa = PBXFileReference; fileEncoding = 4; lastKnownFileType = sourcecode.c.objc; path = MJPropertyType.m; sourceTree = "<group>"; };
		548CA4921C2804BB000E1BE6 /* NSObject+MJClass.h */ = {isa = PBXFileReference; fileEncoding = 4; lastKnownFileType = sourcecode.c.h; path = "NSObject+MJClass.h"; sourceTree = "<group>"; };
		548CA4931C2804BB000E1BE6 /* NSObject+MJClass.m */ = {isa = PBXFileReference; fileEncoding = 4; lastKnownFileType = sourcecode.c.objc; path = "NSObject+MJClass.m"; sourceTree = "<group>"; };
		548CA4941C2804BB000E1BE6 /* NSObject+MJCoding.h */ = {isa = PBXFileReference; fileEncoding = 4; lastKnownFileType = sourcecode.c.h; path = "NSObject+MJCoding.h"; sourceTree = "<group>"; };
		548CA4951C2804BB000E1BE6 /* NSObject+MJCoding.m */ = {isa = PBXFileReference; fileEncoding = 4; lastKnownFileType = sourcecode.c.objc; path = "NSObject+MJCoding.m"; sourceTree = "<group>"; };
		548CA4961C2804BB000E1BE6 /* NSObject+MJKeyValue.h */ = {isa = PBXFileReference; fileEncoding = 4; lastKnownFileType = sourcecode.c.h; path = "NSObject+MJKeyValue.h"; sourceTree = "<group>"; };
		548CA4971C2804BB000E1BE6 /* NSObject+MJKeyValue.m */ = {isa = PBXFileReference; fileEncoding = 4; lastKnownFileType = sourcecode.c.objc; path = "NSObject+MJKeyValue.m"; sourceTree = "<group>"; };
		548CA4981C2804BB000E1BE6 /* NSObject+MJProperty.h */ = {isa = PBXFileReference; fileEncoding = 4; lastKnownFileType = sourcecode.c.h; path = "NSObject+MJProperty.h"; sourceTree = "<group>"; };
		548CA4991C2804BB000E1BE6 /* NSObject+MJProperty.m */ = {isa = PBXFileReference; fileEncoding = 4; lastKnownFileType = sourcecode.c.objc; path = "NSObject+MJProperty.m"; sourceTree = "<group>"; };
		548CA49A1C2804BB000E1BE6 /* NSString+MJExtension.h */ = {isa = PBXFileReference; fileEncoding = 4; lastKnownFileType = sourcecode.c.h; path = "NSString+MJExtension.h"; sourceTree = "<group>"; };
		548CA49B1C2804BB000E1BE6 /* NSString+MJExtension.m */ = {isa = PBXFileReference; fileEncoding = 4; lastKnownFileType = sourcecode.c.objc; path = "NSString+MJExtension.m"; sourceTree = "<group>"; };
/* End PBXFileReference section */

/* Begin PBXFrameworksBuildPhase section */
		548CA40A1C27D9C0000E1BE6 /* Frameworks */ = {
			isa = PBXFrameworksBuildPhase;
			buildActionMask = 2147483647;
			files = (
			);
			runOnlyForDeploymentPostprocessing = 0;
		};
		548CA4231C27D9C0000E1BE6 /* Frameworks */ = {
			isa = PBXFrameworksBuildPhase;
			buildActionMask = 2147483647;
			files = (
			);
			runOnlyForDeploymentPostprocessing = 0;
		};
/* End PBXFrameworksBuildPhase section */

/* Begin PBXGroup section */
		548CA4041C27D9C0000E1BE6 = {
			isa = PBXGroup;
			children = (
				548CA40F1C27D9C0000E1BE6 /* GroupBuyHDDemo */,
				548CA4291C27D9C0000E1BE6 /* GroupBuyHDDemoTests */,
				548CA40E1C27D9C0000E1BE6 /* Products */,
			);
			sourceTree = "<group>";
		};
		548CA40E1C27D9C0000E1BE6 /* Products */ = {
			isa = PBXGroup;
			children = (
				548CA40D1C27D9C0000E1BE6 /* GroupBuyHDDemo.app */,
				548CA4261C27D9C0000E1BE6 /* GroupBuyHDDemoTests.xctest */,
			);
			name = Products;
			sourceTree = "<group>";
		};
		548CA40F1C27D9C0000E1BE6 /* GroupBuyHDDemo */ = {
			isa = PBXGroup;
			children = (
				548CA4381C27DDD2000E1BE6 /* Classes */,
				548CA4101C27D9C0000E1BE6 /* Supporting Files */,
			);
			path = GroupBuyHDDemo;
			sourceTree = "<group>";
		};
		548CA4101C27D9C0000E1BE6 /* Supporting Files */ = {
			isa = PBXGroup;
			children = (
				548CA4741C27FF59000E1BE6 /* Plist */,
				548CA41D1C27D9C0000E1BE6 /* Images.xcassets */,
				548CA4111C27D9C0000E1BE6 /* Info.plist */,
				548CA4121C27D9C0000E1BE6 /* main.m */,
			);
			name = "Supporting Files";
			sourceTree = "<group>";
		};
		548CA4291C27D9C0000E1BE6 /* GroupBuyHDDemoTests */ = {
			isa = PBXGroup;
			children = (
				548CA42C1C27D9C0000E1BE6 /* GroupBuyHDDemoTests.m */,
				548CA42A1C27D9C0000E1BE6 /* Supporting Files */,
			);
			path = GroupBuyHDDemoTests;
			sourceTree = "<group>";
		};
		548CA42A1C27D9C0000E1BE6 /* Supporting Files */ = {
			isa = PBXGroup;
			children = (
				548CA42B1C27D9C0000E1BE6 /* Info.plist */,
			);
			name = "Supporting Files";
			sourceTree = "<group>";
		};
		548CA4381C27DDD2000E1BE6 /* Classes */ = {
			isa = PBXGroup;
			children = (
				548CA4441C27DFF4000E1BE6 /* Main */,
				548CA4391C27DDD2000E1BE6 /* Home */,
			);
			path = Classes;
			sourceTree = "<group>";
		};
		548CA4391C27DDD2000E1BE6 /* Home */ = {
			isa = PBXGroup;
			children = (
				548CA43A1C27DDD2000E1BE6 /* Controller */,
				548CA43B1C27DDD2000E1BE6 /* Model */,
				548CA43C1C27DDD2000E1BE6 /* View */,
			);
			path = Home;
			sourceTree = "<group>";
		};
		548CA43A1C27DDD2000E1BE6 /* Controller */ = {
			isa = PBXGroup;
			children = (
				548CA4411C27DE76000E1BE6 /* ZJHomeViewController.h */,
				548CA4421C27DE76000E1BE6 /* ZJHomeViewController.m */,
				548CA47D1C280039000E1BE6 /* ZJCategoryViewController.h */,
				548CA47E1C280039000E1BE6 /* ZJCategoryViewController.m */,
			);
			path = Controller;
			sourceTree = "<group>";
		};
		548CA43B1C27DDD2000E1BE6 /* Model */ = {
			isa = PBXGroup;
			children = (
				548CA4801C28032B000E1BE6 /* ZJCategoryModel.h */,
				548CA4811C28032B000E1BE6 /* ZJCategoryModel.m */,
			);
			path = Model;
			sourceTree = "<group>";
		};
		548CA43C1C27DDD2000E1BE6 /* View */ = {
			isa = PBXGroup;
			children = (
				548CA4551C27F195000E1BE6 /* ZJHomeTopItem.h */,
				548CA4561C27F195000E1BE6 /* ZJHomeTopItem.m */,
				548CA4531C27EFF3000E1BE6 /* ZJHomeTopItem.xib */,
				548CA4681C27F99A000E1BE6 /* ZJHomeDropDown.h */,
				548CA4691C27F99A000E1BE6 /* ZJHomeDropDown.m */,
				548CA4661C27F86B000E1BE6 /* ZJHomeDropDown.xib */,
				5427B3861C2974D0007D8BF9 /* ZJHomeDropDownMainCell.h */,
				5427B3871C2974D0007D8BF9 /* ZJHomeDropDownMainCell.m */,
				5427B3891C2974E6007D8BF9 /* ZJHomeDropDownSubCell.h */,
				5427B38A1C2974E6007D8BF9 /* ZJHomeDropDownSubCell.m */,
			);
			path = View;
			sourceTree = "<group>";
		};
		548CA4441C27DFF4000E1BE6 /* Main */ = {
			isa = PBXGroup;
			children = (
				548CA4831C2804AD000E1BE6 /* Lib */,
				548CA45F1C27F442000E1BE6 /* Others */,
				548CA4581C27F366000E1BE6 /* Category */,
				548CA4451C27DFF4000E1BE6 /* Controller */,
			);
			path = Main;
			sourceTree = "<group>";
		};
		548CA4451C27DFF4000E1BE6 /* Controller */ = {
			isa = PBXGroup;
			children = (
				548CA4461C27E015000E1BE6 /* ZJNavgationViewController.h */,
				548CA4471C27E015000E1BE6 /* ZJNavgationViewController.m */,
			);
			path = Controller;
			sourceTree = "<group>";
		};
		548CA4581C27F366000E1BE6 /* Category */ = {
			isa = PBXGroup;
			children = (
				548CA4591C27F366000E1BE6 /* UIBarButtonItem+ZJExtension.h */,
				548CA45A1C27F366000E1BE6 /* UIBarButtonItem+ZJExtension.m */,
				548CA45B1C27F366000E1BE6 /* UIView+ZJExtension.h */,
				548CA45C1C27F366000E1BE6 /* UIView+ZJExtension.m */,
			);
			path = Category;
			sourceTree = "<group>";
		};
		548CA45F1C27F442000E1BE6 /* Others */ = {
			isa = PBXGroup;
			children = (
				548CA4601C27F442000E1BE6 /* AppDelegate.h */,
				548CA4611C27F442000E1BE6 /* AppDelegate.m */,
				548CA4621C27F442000E1BE6 /* ZJConst.h */,
				548CA4631C27F442000E1BE6 /* ZJConst.m */,
			);
			path = Others;
			sourceTree = "<group>";
		};
		548CA4741C27FF59000E1BE6 /* Plist */ = {
			isa = PBXGroup;
			children = (
				548CA4751C27FF59000E1BE6 /* categories.plist */,
				548CA4761C27FF59000E1BE6 /* cities.plist */,
				548CA4771C27FF59000E1BE6 /* cityGroups.plist */,
				548CA4781C27FF59000E1BE6 /* sorts.plist */,
			);
			path = Plist;
			sourceTree = "<group>";
		};
		548CA4831C2804AD000E1BE6 /* Lib */ = {
			isa = PBXGroup;
			children = (
				548CA4841C2804BB000E1BE6 /* MJExtension */,
			);
			path = Lib;
			sourceTree = "<group>";
		};
		548CA4841C2804BB000E1BE6 /* MJExtension */ = {
			isa = PBXGroup;
			children = (
				548CA4851C2804BB000E1BE6 /* MJDictionaryCache.h */,
				548CA4861C2804BB000E1BE6 /* MJDictionaryCache.m */,
				548CA4871C2804BB000E1BE6 /* MJExtension.h */,
				548CA4881C2804BB000E1BE6 /* MJExtensionConst.h */,
				548CA4891C2804BB000E1BE6 /* MJExtensionConst.m */,
				548CA48A1C2804BB000E1BE6 /* MJFoundation.h */,
				548CA48B1C2804BB000E1BE6 /* MJFoundation.m */,
				548CA48C1C2804BB000E1BE6 /* MJProperty.h */,
				548CA48D1C2804BB000E1BE6 /* MJProperty.m */,
				548CA48E1C2804BB000E1BE6 /* MJPropertyKey.h */,
				548CA48F1C2804BB000E1BE6 /* MJPropertyKey.m */,
				548CA4901C2804BB000E1BE6 /* MJPropertyType.h */,
				548CA4911C2804BB000E1BE6 /* MJPropertyType.m */,
				548CA4921C2804BB000E1BE6 /* NSObject+MJClass.h */,
				548CA4931C2804BB000E1BE6 /* NSObject+MJClass.m */,
				548CA4941C2804BB000E1BE6 /* NSObject+MJCoding.h */,
				548CA4951C2804BB000E1BE6 /* NSObject+MJCoding.m */,
				548CA4961C2804BB000E1BE6 /* NSObject+MJKeyValue.h */,
				548CA4971C2804BB000E1BE6 /* NSObject+MJKeyValue.m */,
				548CA4981C2804BB000E1BE6 /* NSObject+MJProperty.h */,
				548CA4991C2804BB000E1BE6 /* NSObject+MJProperty.m */,
				548CA49A1C2804BB000E1BE6 /* NSString+MJExtension.h */,
				548CA49B1C2804BB000E1BE6 /* NSString+MJExtension.m */,
			);
			path = MJExtension;
			sourceTree = "<group>";
		};
/* End PBXGroup section */

/* Begin PBXNativeTarget section */
		548CA40C1C27D9C0000E1BE6 /* GroupBuyHDDemo */ = {
			isa = PBXNativeTarget;
			buildConfigurationList = 548CA4301C27D9C0000E1BE6 /* Build configuration list for PBXNativeTarget "GroupBuyHDDemo" */;
			buildPhases = (
				548CA4091C27D9C0000E1BE6 /* Sources */,
				548CA40A1C27D9C0000E1BE6 /* Frameworks */,
				548CA40B1C27D9C0000E1BE6 /* Resources */,
			);
			buildRules = (
			);
			dependencies = (
			);
			name = GroupBuyHDDemo;
			productName = GroupBuyHDDemo;
			productReference = 548CA40D1C27D9C0000E1BE6 /* GroupBuyHDDemo.app */;
			productType = "com.apple.product-type.application";
		};
		548CA4251C27D9C0000E1BE6 /* GroupBuyHDDemoTests */ = {
			isa = PBXNativeTarget;
			buildConfigurationList = 548CA4331C27D9C0000E1BE6 /* Build configuration list for PBXNativeTarget "GroupBuyHDDemoTests" */;
			buildPhases = (
				548CA4221C27D9C0000E1BE6 /* Sources */,
				548CA4231C27D9C0000E1BE6 /* Frameworks */,
				548CA4241C27D9C0000E1BE6 /* Resources */,
			);
			buildRules = (
			);
			dependencies = (
				548CA4281C27D9C0000E1BE6 /* PBXTargetDependency */,
			);
			name = GroupBuyHDDemoTests;
			productName = GroupBuyHDDemoTests;
			productReference = 548CA4261C27D9C0000E1BE6 /* GroupBuyHDDemoTests.xctest */;
			productType = "com.apple.product-type.bundle.unit-test";
		};
/* End PBXNativeTarget section */

/* Begin PBXProject section */
		548CA4051C27D9C0000E1BE6 /* Project object */ = {
			isa = PBXProject;
			attributes = {
				CLASSPREFIX = ZJ;
				LastUpgradeCheck = 0640;
				ORGANIZATIONNAME = dibadalu;
				TargetAttributes = {
					548CA40C1C27D9C0000E1BE6 = {
						CreatedOnToolsVersion = 6.4;
					};
					548CA4251C27D9C0000E1BE6 = {
						CreatedOnToolsVersion = 6.4;
						TestTargetID = 548CA40C1C27D9C0000E1BE6;
					};
				};
			};
			buildConfigurationList = 548CA4081C27D9C0000E1BE6 /* Build configuration list for PBXProject "GroupBuyHDDemo" */;
			compatibilityVersion = "Xcode 3.2";
			developmentRegion = English;
			hasScannedForEncodings = 0;
			knownRegions = (
				en,
				Base,
			);
			mainGroup = 548CA4041C27D9C0000E1BE6;
			productRefGroup = 548CA40E1C27D9C0000E1BE6 /* Products */;
			projectDirPath = "";
			projectRoot = "";
			targets = (
				548CA40C1C27D9C0000E1BE6 /* GroupBuyHDDemo */,
				548CA4251C27D9C0000E1BE6 /* GroupBuyHDDemoTests */,
			);
		};
/* End PBXProject section */

/* Begin PBXResourcesBuildPhase section */
		548CA40B1C27D9C0000E1BE6 /* Resources */ = {
			isa = PBXResourcesBuildPhase;
			buildActionMask = 2147483647;
			files = (
				548CA47A1C27FF59000E1BE6 /* cities.plist in Resources */,
				548CA4791C27FF59000E1BE6 /* categories.plist in Resources */,
				548CA4671C27F86B000E1BE6 /* ZJHomeDropDown.xib in Resources */,
				548CA47C1C27FF59000E1BE6 /* sorts.plist in Resources */,
				548CA47B1C27FF59000E1BE6 /* cityGroups.plist in Resources */,
				548CA41E1C27D9C0000E1BE6 /* Images.xcassets in Resources */,
				548CA4541C27EFF3000E1BE6 /* ZJHomeTopItem.xib in Resources */,
			);
			runOnlyForDeploymentPostprocessing = 0;
		};
		548CA4241C27D9C0000E1BE6 /* Resources */ = {
			isa = PBXResourcesBuildPhase;
			buildActionMask = 2147483647;
			files = (
			);
			runOnlyForDeploymentPostprocessing = 0;
		};
/* End PBXResourcesBuildPhase section */

/* Begin PBXSourcesBuildPhase section */
		548CA4091C27D9C0000E1BE6 /* Sources */ = {
			isa = PBXSourcesBuildPhase;
			buildActionMask = 2147483647;
			files = (
				548CA47F1C280039000E1BE6 /* ZJCategoryViewController.m in Sources */,
				548CA49E1C2804BB000E1BE6 /* MJFoundation.m in Sources */,
				548CA49D1C2804BB000E1BE6 /* MJExtensionConst.m in Sources */,
				548CA45E1C27F366000E1BE6 /* UIView+ZJExtension.m in Sources */,
				548CA4821C28032B000E1BE6 /* ZJCategoryModel.m in Sources */,
				548CA4481C27E015000E1BE6 /* ZJNavgationViewController.m in Sources */,
				548CA4641C27F442000E1BE6 /* AppDelegate.m in Sources */,
				548CA4651C27F442000E1BE6 /* ZJConst.m in Sources */,
				548CA4A41C2804BB000E1BE6 /* NSObject+MJKeyValue.m in Sources */,
				548CA4571C27F195000E1BE6 /* ZJHomeTopItem.m in Sources */,
				548CA4A21C2804BB000E1BE6 /* NSObject+MJClass.m in Sources */,
				548CA4131C27D9C0000E1BE6 /* main.m in Sources */,
				548CA4A61C2804BB000E1BE6 /* NSString+MJExtension.m in Sources */,
				548CA4431C27DE76000E1BE6 /* ZJHomeViewController.m in Sources */,
				5427B38B1C2974E6007D8BF9 /* ZJHomeDropDownSubCell.m in Sources */,
				548CA46A1C27F99A000E1BE6 /* ZJHomeDropDown.m in Sources */,
				548CA45D1C27F366000E1BE6 /* UIBarButtonItem+ZJExtension.m in Sources */,
				548CA4A11C2804BB000E1BE6 /* MJPropertyType.m in Sources */,
				548CA4A51C2804BB000E1BE6 /* NSObject+MJProperty.m in Sources */,
				548CA4A31C2804BB000E1BE6 /* NSObject+MJCoding.m in Sources */,
				548CA49F1C2804BB000E1BE6 /* MJProperty.m in Sources */,
				548CA49C1C2804BB000E1BE6 /* MJDictionaryCache.m in Sources */,
				5427B3881C2974D0007D8BF9 /* ZJHomeDropDownMainCell.m in Sources */,
				548CA4A01C2804BB000E1BE6 /* MJPropertyKey.m in Sources */,
			);
			runOnlyForDeploymentPostprocessing = 0;
		};
		548CA4221C27D9C0000E1BE6 /* Sources */ = {
			isa = PBXSourcesBuildPhase;
			buildActionMask = 2147483647;
			files = (
				548CA42D1C27D9C0000E1BE6 /* GroupBuyHDDemoTests.m in Sources */,
			);
			runOnlyForDeploymentPostprocessing = 0;
		};
/* End PBXSourcesBuildPhase section */

/* Begin PBXTargetDependency section */
		548CA4281C27D9C0000E1BE6 /* PBXTargetDependency */ = {
			isa = PBXTargetDependency;
			target = 548CA40C1C27D9C0000E1BE6 /* GroupBuyHDDemo */;
			targetProxy = 548CA4271C27D9C0000E1BE6 /* PBXContainerItemProxy */;
		};
/* End PBXTargetDependency section */

/* Begin XCBuildConfiguration section */
		548CA42E1C27D9C0000E1BE6 /* Debug */ = {
			isa = XCBuildConfiguration;
			buildSettings = {
				ALWAYS_SEARCH_USER_PATHS = NO;
				CLANG_CXX_LANGUAGE_STANDARD = "gnu++0x";
				CLANG_CXX_LIBRARY = "libc++";
				CLANG_ENABLE_MODULES = YES;
				CLANG_ENABLE_OBJC_ARC = YES;
				CLANG_WARN_BOOL_CONVERSION = YES;
				CLANG_WARN_CONSTANT_CONVERSION = YES;
				CLANG_WARN_DIRECT_OBJC_ISA_USAGE = YES_ERROR;
				CLANG_WARN_EMPTY_BODY = YES;
				CLANG_WARN_ENUM_CONVERSION = YES;
				CLANG_WARN_INT_CONVERSION = YES;
				CLANG_WARN_OBJC_ROOT_CLASS = YES_ERROR;
				CLANG_WARN_UNREACHABLE_CODE = YES;
				CLANG_WARN__DUPLICATE_METHOD_MATCH = YES;
				"CODE_SIGN_IDENTITY[sdk=iphoneos*]" = "iPhone Developer";
				COPY_PHASE_STRIP = NO;
				DEBUG_INFORMATION_FORMAT = "dwarf-with-dsym";
				ENABLE_STRICT_OBJC_MSGSEND = YES;
				GCC_C_LANGUAGE_STANDARD = gnu99;
				GCC_DYNAMIC_NO_PIC = NO;
				GCC_NO_COMMON_BLOCKS = YES;
				GCC_OPTIMIZATION_LEVEL = 0;
				GCC_PREPROCESSOR_DEFINITIONS = (
					"DEBUG=1",
					"$(inherited)",
				);
				GCC_SYMBOLS_PRIVATE_EXTERN = NO;
				GCC_WARN_64_TO_32_BIT_CONVERSION = YES;
				GCC_WARN_ABOUT_RETURN_TYPE = YES_ERROR;
				GCC_WARN_UNDECLARED_SELECTOR = YES;
				GCC_WARN_UNINITIALIZED_AUTOS = YES_AGGRESSIVE;
				GCC_WARN_UNUSED_FUNCTION = YES;
				GCC_WARN_UNUSED_VARIABLE = YES;
				IPHONEOS_DEPLOYMENT_TARGET = 8.4;
				MTL_ENABLE_DEBUG_INFO = YES;
				ONLY_ACTIVE_ARCH = YES;
				SDKROOT = iphoneos;
				TARGETED_DEVICE_FAMILY = 2;
			};
			name = Debug;
		};
		548CA42F1C27D9C0000E1BE6 /* Release */ = {
			isa = XCBuildConfiguration;
			buildSettings = {
				ALWAYS_SEARCH_USER_PATHS = NO;
				CLANG_CXX_LANGUAGE_STANDARD = "gnu++0x";
				CLANG_CXX_LIBRARY = "libc++";
				CLANG_ENABLE_MODULES = YES;
				CLANG_ENABLE_OBJC_ARC = YES;
				CLANG_WARN_BOOL_CONVERSION = YES;
				CLANG_WARN_CONSTANT_CONVERSION = YES;
				CLANG_WARN_DIRECT_OBJC_ISA_USAGE = YES_ERROR;
				CLANG_WARN_EMPTY_BODY = YES;
				CLANG_WARN_ENUM_CONVERSION = YES;
				CLANG_WARN_INT_CONVERSION = YES;
				CLANG_WARN_OBJC_ROOT_CLASS = YES_ERROR;
				CLANG_WARN_UNREACHABLE_CODE = YES;
				CLANG_WARN__DUPLICATE_METHOD_MATCH = YES;
				"CODE_SIGN_IDENTITY[sdk=iphoneos*]" = "iPhone Developer";
				COPY_PHASE_STRIP = NO;
				DEBUG_INFORMATION_FORMAT = "dwarf-with-dsym";
				ENABLE_NS_ASSERTIONS = NO;
				ENABLE_STRICT_OBJC_MSGSEND = YES;
				GCC_C_LANGUAGE_STANDARD = gnu99;
				GCC_NO_COMMON_BLOCKS = YES;
				GCC_WARN_64_TO_32_BIT_CONVERSION = YES;
				GCC_WARN_ABOUT_RETURN_TYPE = YES_ERROR;
				GCC_WARN_UNDECLARED_SELECTOR = YES;
				GCC_WARN_UNINITIALIZED_AUTOS = YES_AGGRESSIVE;
				GCC_WARN_UNUSED_FUNCTION = YES;
				GCC_WARN_UNUSED_VARIABLE = YES;
				IPHONEOS_DEPLOYMENT_TARGET = 8.4;
				MTL_ENABLE_DEBUG_INFO = NO;
				SDKROOT = iphoneos;
				TARGETED_DEVICE_FAMILY = 2;
				VALIDATE_PRODUCT = YES;
			};
			name = Release;
		};
		548CA4311C27D9C0000E1BE6 /* Debug */ = {
			isa = XCBuildConfiguration;
			buildSettings = {
				ASSETCATALOG_COMPILER_APPICON_NAME = AppIcon;
				ASSETCATALOG_COMPILER_LAUNCHIMAGE_NAME = LaunchImage;
				INFOPLIST_FILE = GroupBuyHDDemo/Info.plist;
				LD_RUNPATH_SEARCH_PATHS = "$(inherited) @executable_path/Frameworks";
				PRODUCT_NAME = "$(TARGET_NAME)";
			};
			name = Debug;
		};
		548CA4321C27D9C0000E1BE6 /* Release */ = {
			isa = XCBuildConfiguration;
			buildSettings = {
				ASSETCATALOG_COMPILER_APPICON_NAME = AppIcon;
				ASSETCATALOG_COMPILER_LAUNCHIMAGE_NAME = LaunchImage;
				INFOPLIST_FILE = GroupBuyHDDemo/Info.plist;
				LD_RUNPATH_SEARCH_PATHS = "$(inherited) @executable_path/Frameworks";
				PRODUCT_NAME = "$(TARGET_NAME)";
			};
			name = Release;
		};
		548CA4341C27D9C0000E1BE6 /* Debug */ = {
			isa = XCBuildConfiguration;
			buildSettings = {
				BUNDLE_LOADER = "$(TEST_HOST)";
				FRAMEWORK_SEARCH_PATHS = (
					"$(SDKROOT)/Developer/Library/Frameworks",
					"$(inherited)",
				);
				GCC_PREPROCESSOR_DEFINITIONS = (
					"DEBUG=1",
					"$(inherited)",
				);
				INFOPLIST_FILE = GroupBuyHDDemoTests/Info.plist;
				LD_RUNPATH_SEARCH_PATHS = "$(inherited) @executable_path/Frameworks @loader_path/Frameworks";
				PRODUCT_NAME = "$(TARGET_NAME)";
				TEST_HOST = "$(BUILT_PRODUCTS_DIR)/GroupBuyHDDemo.app/GroupBuyHDDemo";
			};
			name = Debug;
		};
		548CA4351C27D9C0000E1BE6 /* Release */ = {
			isa = XCBuildConfiguration;
			buildSettings = {
				BUNDLE_LOADER = "$(TEST_HOST)";
				FRAMEWORK_SEARCH_PATHS = (
					"$(SDKROOT)/Developer/Library/Frameworks",
					"$(inherited)",
				);
				INFOPLIST_FILE = GroupBuyHDDemoTests/Info.plist;
				LD_RUNPATH_SEARCH_PATHS = "$(inherited) @executable_path/Frameworks @loader_path/Frameworks";
				PRODUCT_NAME = "$(TARGET_NAME)";
				TEST_HOST = "$(BUILT_PRODUCTS_DIR)/GroupBuyHDDemo.app/GroupBuyHDDemo";
			};
			name = Release;
		};
/* End XCBuildConfiguration section */

/* Begin XCConfigurationList section */
		548CA4081C27D9C0000E1BE6 /* Build configuration list for PBXProject "GroupBuyHDDemo" */ = {
			isa = XCConfigurationList;
			buildConfigurations = (
				548CA42E1C27D9C0000E1BE6 /* Debug */,
				548CA42F1C27D9C0000E1BE6 /* Release */,
			);
			defaultConfigurationIsVisible = 0;
			defaultConfigurationName = Release;
		};
		548CA4301C27D9C0000E1BE6 /* Build configuration list for PBXNativeTarget "GroupBuyHDDemo" */ = {
			isa = XCConfigurationList;
			buildConfigurations = (
				548CA4311C27D9C0000E1BE6 /* Debug */,
				548CA4321C27D9C0000E1BE6 /* Release */,
			);
			defaultConfigurationIsVisible = 0;
			defaultConfigurationName = Release;
		};
		548CA4331C27D9C0000E1BE6 /* Build configuration list for PBXNativeTarget "GroupBuyHDDemoTests" */ = {
			isa = XCConfigurationList;
			buildConfigurations = (
				548CA4341C27D9C0000E1BE6 /* Debug */,
				548CA4351C27D9C0000E1BE6 /* Release */,
			);
			defaultConfigurationIsVisible = 0;
			defaultConfigurationName = Release;
		};
/* End XCConfigurationList section */
	};
	rootObject = 548CA4051C27D9C0000E1BE6 /* Project object */;
}
